{
  "name": "cobalt-log",
  "version": "1.2",
  "lockfileVersion": 3,
  "requires": true,
  "packages": {
    "": {
      "name": "cobalt-log",
      "version": "1.2",
      "dependencies": {
        "colors": "1.4.0",
        "json3": "^3.3.2",
        "microtime": "3.1.1",
        "neon": "^2.0.0"
      },
      "devDependencies": {
        "tellurium": "2.0.x"
      },
      "engines": {
        "node": ">= 0.8.0"
      }
    },
    "node_modules/colors": {
      "version": "1.4.0",
      "resolved": "https://registry.npmjs.org/colors/-/colors-1.4.0.tgz",
      "integrity": "sha512-a+UqTh4kgZg/SlGvfbzDHpgRu7AAQOmmqRHJnxhRZICKFUT91brVhNNt58CMWU9PsBbv3PDCZUHbVxuDiH2mtA==",
      "engines": {
        "node": ">=0.1.90"
      }
    },
    "node_modules/json3": {
      "version": "3.3.3",
      "resolved": "https://registry.npmjs.org/json3/-/json3-3.3.3.tgz",
      "integrity": "sha512-c7/8mbUsKigAbLkD5B010BK4D9LZm7A1pNItkEwiUZRpIN66exu/e7YQWysGun+TRKaJp8MhemM+VkfWv42aCA=="
    },
    "node_modules/microtime": {
      "version": "3.1.1",
      "resolved": "https://registry.npmjs.org/microtime/-/microtime-3.1.1.tgz",
      "integrity": "sha512-to1r7o24cDsud9IhN6/8wGmMx5R2kT0w2Xwm5okbYI3d1dk6Xv0m+Z+jg2vS9pt+ocgQHTCtgs/YuyJhySzxNg==",
      "hasInstallScript": true,
      "dependencies": {
        "node-addon-api": "^5.0.0",
        "node-gyp-build": "^4.4.0"
      },
      "engines": {
        "node": ">= 14.13.0"
      }
    },
    "node_modules/neon": {
      "version": "2.0.0",
      "resolved": "https://registry.npmjs.org/neon/-/neon-2.0.0.tgz",
      "integrity": "sha512-maODYM+0IkYDPOD0VAuptjrAXowLAPLpRuBdTroj29ZpQWwtwehXAI6nQvb4+10qipE0ZwweVv2F0tuQvpIVFA=="
    },
    "node_modules/node-addon-api": {
      "version": "5.1.0",
      "resolved": "https://registry.npmjs.org/node-addon-api/-/node-addon-api-5.1.0.tgz",
      "integrity": "sha512-eh0GgfEkpnoWDq+VY8OyvYhFEzBk6jIYbRKdIlyTiAXIVJ8PyBaKb0rp7oDtoddbdoHWhq8wwr+XZ81F1rpNdA=="
    },
    "node_modules/node-gyp-build": {
      "version": "4.6.0",
      "resolved": "https://registry.npmjs.org/node-gyp-build/-/node-gyp-build-4.6.0.tgz",
      "integrity": "sha512-NTZVKn9IylLwUzaKjkas1e4u2DLNcV4rdYagA4PWdPwW87Bi7z+BznyKSRwS/761tV/lzCGXplWsiaMjLqP2zQ==",
      "bin": {
        "node-gyp-build": "bin.js",
        "node-gyp-build-optional": "optional.js",
        "node-gyp-build-test": "build-test.js"
      }
    },
    "node_modules/tellurium": {
      "version": "2.0.0",
      "resolved": "https://registry.npmjs.org/tellurium/-/tellurium-2.0.0.tgz",
      "integrity": "sha512-hAoS4EHuLq+i3dvAMPyei35xwAdZuGbE+sMnU5hKxnJD7T8r53d+pHYUHLx9YMk8Sm47RXByAH29hjzdpxcyaA==",
      "dev": true,
      "dependencies": {
        "neon": "2.0.0"
      }
    }
  }
}
