{
  "name": "cobalt-log",
  "version": "1.1.6",
  "lockfileVersion": 1,
  "requires": true,
  "dependencies": {
    "colors": {
      "version": "1.4.0",
      "resolved": "https://registry.npmjs.org/colors/-/colors-1.4.0.tgz",
      "integrity": "sha512-a+UqTh4kgZg/SlGvfbzDHpgRu7AAQOmmqRHJnxhRZICKFUT91brVhNNt58CMWU9PsBbv3PDCZUHbVxuDiH2mtA=="
    },
    "json3": {
      "version": "3.3.3",
      "resolved": "https://registry.npmjs.org/json3/-/json3-3.3.3.tgz",
      "integrity": "sha512-c7/8mbUsKigAbLkD5B010BK4D9LZm7A1pNItkEwiUZRpIN66exu/e7YQWysGun+TRKaJp8MhemM+VkfWv42aCA=="
    },
    "neon": {
      "version": "2.0.0",
      "resolved": "https://registry.npmjs.org/neon/-/neon-2.0.0.tgz",
      "integrity": "sha512-maODYM+0IkYDPOD0VAuptjrAXowLAPLpRuBdTroj29ZpQWwtwehXAI6nQvb4+10qipE0ZwweVv2F0tuQvpIVFA=="
    },
    "tellurium": {
      "version": "2.0.0",
      "resolved": "https://registry.npmjs.org/tellurium/-/tellurium-2.0.0.tgz",
      "integrity": "sha512-hAoS4EHuLq+i3dvAMPyei35xwAdZuGbE+sMnU5hKxnJD7T8r53d+pHYUHLx9YMk8Sm47RXByAH29hjzdpxcyaA==",
      "dev": true,
      "requires": {
        "neon": "2.0.0"
      }
    }
  }
}
